
Microsoft Visual Studio Solution File, Format Version 12.00
# Visual Studio Version 16
VisualStudioVersion = 16.0.31205.134
MinimumVisualStudioVersion = 10.0.40219.1
Project("{8BC9CEB8-8B4A-11D0-8D11-00A0C91BC942}") = "자료구조와 알고리즘", "Test\Test.vcxproj", "{F5642199-9757-40DC-B6D8-E56998B1E88E}"
EndProject
Project("{8BC9CEB8-8B4A-11D0-8D11-00A0C91BC942}") = "C언어", "C언어\C언어.vcxproj", "{3CDCBAA0-0BDB-4CAA-9571-97E0A7C5207B}"
EndProject
Project("{2150E333-8FDC-42A3-9474-1A3956D46DE8}") = "Solution Items", "Solution Items", "{D0C4C52D-56A9-40D9-AC76-5C4757C5517A}"
	ProjectSection(SolutionItems) = preProject
		Test.txt = Test.txt
	EndProjectSection
EndProject
Global
	GlobalSection(SolutionConfigurationPlatforms) = preSolution
		Debug|x64 = Debug|x64
		Debug|x86 = Debug|x86
		Release|x64 = Release|x64
		Release|x86 = Release|x86
	EndGlobalSection
	GlobalSection(ProjectConfigurationPlatforms) = postSolution
		{F5642199-9757-40DC-B6D8-E56998B1E88E}.Debug|x64.ActiveCfg = Debug|x64
		{F5642199-9757-40DC-B6D8-E56998B1E88E}.Debug|x64.Build.0 = Debug|x64
		{F5642199-9757-40DC-B6D8-E56998B1E88E}.Debug|x86.ActiveCfg = Debug|Win32
		{F5642199-9757-40DC-B6D8-E56998B1E88E}.Debug|x86.Build.0 = Debug|Win32
		{F5642199-9757-40DC-B6D8-E56998B1E88E}.Release|x64.ActiveCfg = Release|x64
		{F5642199-9757-40DC-B6D8-E56998B1E88E}.Release|x64.Build.0 = Release|x64
		{F5642199-9757-40DC-B6D8-E56998B1E88E}.Release|x86.ActiveCfg = Release|Win32
		{F5642199-9757-40DC-B6D8-E56998B1E88E}.Release|x86.Build.0 = Release|Win32
		{3CDCBAA0-0BDB-4CAA-9571-97E0A7C5207B}.Debug|x64.ActiveCfg = Debug|x64
		{3CDCBAA0-0BDB-4CAA-9571-97E0A7C5207B}.Debug|x64.Build.0 = Debug|x64
		{3CDCBAA0-0BDB-4CAA-9571-97E0A7C5207B}.Debug|x86.ActiveCfg = Debug|Win32
		{3CDCBAA0-0BDB-4CAA-9571-97E0A7C5207B}.Debug|x86.Build.0 = Debug|Win32
		{3CDCBAA0-0BDB-4CAA-9571-97E0A7C5207B}.Release|x64.ActiveCfg = Release|x64
		{3CDCBAA0-0BDB-4CAA-9571-97E0A7C5207B}.Release|x64.Build.0 = Release|x64
		{3CDCBAA0-0BDB-4CAA-9571-97E0A7C5207B}.Release|x86.ActiveCfg = Release|Win32
		{3CDCBAA0-0BDB-4CAA-9571-97E0A7C5207B}.Release|x86.Build.0 = Release|Win32
	EndGlobalSection
	GlobalSection(SolutionProperties) = preSolution
		HideSolutionNode = FALSE
	EndGlobalSection
	GlobalSection(ExtensibilityGlobals) = postSolution
		SolutionGuid = {B15582AB-7B84-4ED2-AC11-A825EE441AE1}
	EndGlobalSection
EndGlobal
