
Microsoft Visual Studio Solution File, Format Version 12.00
# Visual Studio Version 16
VisualStudioVersion = 16.0.31205.134
MinimumVisualStudioVersion = 10.0.40219.1
Project("{8BC9CEB8-8B4A-11D0-8D11-00A0C91BC942}") = "자료구조와 알고리즘", "자료구조와 알고리즘\자료구조와 알고리즘.vcxproj", "{58F9F1DF-5779-4B2C-924B-B26A23C69DB8}"
EndProject
Project("{8BC9CEB8-8B4A-11D0-8D11-00A0C91BC942}") = "기초 프로그래밍 언어", "기초 프로그래밍 언어\기초 프로그래밍 언어.vcxproj", "{19141569-B1FA-4266-AB19-4CF03CBAA28D}"
EndProject
Global
	GlobalSection(SolutionConfigurationPlatforms) = preSolution
		Debug|x64 = Debug|x64
		Debug|x86 = Debug|x86
		Release|x64 = Release|x64
		Release|x86 = Release|x86
	EndGlobalSection
	GlobalSection(ProjectConfigurationPlatforms) = postSolution
		{58F9F1DF-5779-4B2C-924B-B26A23C69DB8}.Debug|x64.ActiveCfg = Debug|x64
		{58F9F1DF-5779-4B2C-924B-B26A23C69DB8}.Debug|x64.Build.0 = Debug|x64
		{58F9F1DF-5779-4B2C-924B-B26A23C69DB8}.Debug|x86.ActiveCfg = Debug|Win32
		{58F9F1DF-5779-4B2C-924B-B26A23C69DB8}.Debug|x86.Build.0 = Debug|Win32
		{58F9F1DF-5779-4B2C-924B-B26A23C69DB8}.Release|x64.ActiveCfg = Release|x64
		{58F9F1DF-5779-4B2C-924B-B26A23C69DB8}.Release|x64.Build.0 = Release|x64
		{58F9F1DF-5779-4B2C-924B-B26A23C69DB8}.Release|x86.ActiveCfg = Release|Win32
		{58F9F1DF-5779-4B2C-924B-B26A23C69DB8}.Release|x86.Build.0 = Release|Win32
		{19141569-B1FA-4266-AB19-4CF03CBAA28D}.Debug|x64.ActiveCfg = Debug|x64
		{19141569-B1FA-4266-AB19-4CF03CBAA28D}.Debug|x64.Build.0 = Debug|x64
		{19141569-B1FA-4266-AB19-4CF03CBAA28D}.Debug|x86.ActiveCfg = Debug|Win32
		{19141569-B1FA-4266-AB19-4CF03CBAA28D}.Debug|x86.Build.0 = Debug|Win32
		{19141569-B1FA-4266-AB19-4CF03CBAA28D}.Release|x64.ActiveCfg = Release|x64
		{19141569-B1FA-4266-AB19-4CF03CBAA28D}.Release|x64.Build.0 = Release|x64
		{19141569-B1FA-4266-AB19-4CF03CBAA28D}.Release|x86.ActiveCfg = Release|Win32
		{19141569-B1FA-4266-AB19-4CF03CBAA28D}.Release|x86.Build.0 = Release|Win32
	EndGlobalSection
	GlobalSection(SolutionProperties) = preSolution
		HideSolutionNode = FALSE
	EndGlobalSection
	GlobalSection(ExtensibilityGlobals) = postSolution
		SolutionGuid = {F5FB0CA3-26C3-4E26-B00E-5C8A06DEF959}
	EndGlobalSection
EndGlobal
